
Microsoft Visual Studio Solution File, Format Version 12.00
# Visual Studio Version 17
VisualStudioVersion = 17.7.34024.191
MinimumVisualStudioVersion = 10.0.40219.1
Project("{FAE04EC0-301F-11D3-BF4B-00C04F79EFBC}") = "WebApplicationShopOnline", "WebApplicationShopOnline\WebApplicationShopOnline.csproj", "{6519263A-BDDC-4FE6-94A1-722FBCA9B08B}"
EndProject
Project("{FAE04EC0-301F-11D3-BF4B-00C04F79EFBC}") = "ShopOnline.DB", "ShopOnline.DB\ShopOnline.DB.csproj", "{4AB28F96-A389-428F-87A7-DD3A9A479BE2}"
EndProject
Global
	GlobalSection(SolutionConfigurationPlatforms) = preSolution
		Debug|Any CPU = Debug|Any CPU
		Release|Any CPU = Release|Any CPU
	EndGlobalSection
	GlobalSection(ProjectConfigurationPlatforms) = postSolution
		{6519263A-BDDC-4FE6-94A1-722FBCA9B08B}.Debug|Any CPU.ActiveCfg = Debug|Any CPU
		{6519263A-BDDC-4FE6-94A1-722FBCA9B08B}.Debug|Any CPU.Build.0 = Debug|Any CPU
		{6519263A-BDDC-4FE6-94A1-722FBCA9B08B}.Release|Any CPU.ActiveCfg = Release|Any CPU
		{6519263A-BDDC-4FE6-94A1-722FBCA9B08B}.Release|Any CPU.Build.0 = Release|Any CPU
		{4AB28F96-A389-428F-87A7-DD3A9A479BE2}.Debug|Any CPU.ActiveCfg = Debug|Any CPU
		{4AB28F96-A389-428F-87A7-DD3A9A479BE2}.Debug|Any CPU.Build.0 = Debug|Any CPU
		{4AB28F96-A389-428F-87A7-DD3A9A479BE2}.Release|Any CPU.ActiveCfg = Release|Any CPU
		{4AB28F96-A389-428F-87A7-DD3A9A479BE2}.Release|Any CPU.Build.0 = Release|Any CPU
	EndGlobalSection
	GlobalSection(SolutionProperties) = preSolution
		HideSolutionNode = FALSE
	EndGlobalSection
	GlobalSection(ExtensibilityGlobals) = postSolution
		SolutionGuid = {ADEBABC2-7927-4F95-88DC-60E6985985C0}
	EndGlobalSection
EndGlobal
